// !$*UTF8*$!
{
	archiveVersion = 1;
	classes = {
	};
	objectVersion = 55;
	objects = {

/* Begin PBXBuildFile section */
		23C3C0CD273900FC00EA0D86 /* AppDelegate.swift in Sources */ = {isa = PBXBuildFile; fileRef = 23C3C0CC273900FC00EA0D86 /* AppDelegate.swift */; };
		23C3C0CF273900FC00EA0D86 /* SceneDelegate.swift in Sources */ = {isa = PBXBuildFile; fileRef = 23C3C0CE273900FC00EA0D86 /* SceneDelegate.swift */; };
		23C3C0D1273900FC00EA0D86 /* ViewController.swift in Sources */ = {isa = PBXBuildFile; fileRef = 23C3C0D0273900FC00EA0D86 /* ViewController.swift */; };
		23C3C0D4273900FC00EA0D86 /* Main.storyboard in Resources */ = {isa = PBXBuildFile; fileRef = 23C3C0D2273900FC00EA0D86 /* Main.storyboard */; };
		23C3C0D6273900FF00EA0D86 /* Assets.xcassets in Resources */ = {isa = PBXBuildFile; fileRef = 23C3C0D5273900FF00EA0D86 /* Assets.xcassets */; };
		23C3C0D9273900FF00EA0D86 /* LaunchScreen.storyboard in Resources */ = {isa = PBXBuildFile; fileRef = 23C3C0D7273900FF00EA0D86 /* LaunchScreen.storyboard */; };
		23C3C0E127390F4000EA0D86 /* NaverVC.swift in Sources */ = {isa = PBXBuildFile; fileRef = 23C3C0E027390F4000EA0D86 /* NaverVC.swift */; };
		95FA4F2979FDC7CDA8500D0E /* Pods_Prototype_APILogin.framework in Frameworks */ = {isa = PBXBuildFile; fileRef = C5140FD860FDBD2BFC2B212C /* Pods_Prototype_APILogin.framework */; };
/* End PBXBuildFile section */

/* Begin PBXFileReference section */
		23C3C0C9273900FC00EA0D86 /* Prototype-APILogin.app */ = {isa = PBXFileReference; explicitFileType = wrapper.application; includeInIndex = 0; path = "Prototype-APILogin.app"; sourceTree = BUILT_PRODUCTS_DIR; };
		23C3C0CC273900FC00EA0D86 /* AppDelegate.swift */ = {isa = PBXFileReference; lastKnownFileType = sourcecode.swift; path = AppDelegate.swift; sourceTree = "<group>"; };
		23C3C0CE273900FC00EA0D86 /* SceneDelegate.swift */ = {isa = PBXFileReference; lastKnownFileType = sourcecode.swift; path = SceneDelegate.swift; sourceTree = "<group>"; };
		23C3C0D0273900FC00EA0D86 /* ViewController.swift */ = {isa = PBXFileReference; lastKnownFileType = sourcecode.swift; path = ViewController.swift; sourceTree = "<group>"; };
		23C3C0D3273900FC00EA0D86 /* Base */ = {isa = PBXFileReference; lastKnownFileType = file.storyboard; name = Base; path = Base.lproj/Main.storyboard; sourceTree = "<group>"; };
		23C3C0D5273900FF00EA0D86 /* Assets.xcassets */ = {isa = PBXFileReference; lastKnownFileType = folder.assetcatalog; path = Assets.xcassets; sourceTree = "<group>"; };
		23C3C0D8273900FF00EA0D86 /* Base */ = {isa = PBXFileReference; lastKnownFileType = file.storyboard; name = Base; path = Base.lproj/LaunchScreen.storyboard; sourceTree = "<group>"; };
		23C3C0DA273900FF00EA0D86 /* Info.plist */ = {isa = PBXFileReference; lastKnownFileType = text.plist.xml; path = Info.plist; sourceTree = "<group>"; };
		23C3C0E027390F4000EA0D86 /* NaverVC.swift */ = {isa = PBXFileReference; lastKnownFileType = sourcecode.swift; path = NaverVC.swift; sourceTree = "<group>"; };
		C5140FD860FDBD2BFC2B212C /* Pods_Prototype_APILogin.framework */ = {isa = PBXFileReference; explicitFileType = wrapper.framework; includeInIndex = 0; path = Pods_Prototype_APILogin.framework; sourceTree = BUILT_PRODUCTS_DIR; };
		D0CC6B8C36656D21B72C17DE /* Pods-Prototype-APILogin.release.xcconfig */ = {isa = PBXFileReference; includeInIndex = 1; lastKnownFileType = text.xcconfig; name = "Pods-Prototype-APILogin.release.xcconfig"; path = "Target Support Files/Pods-Prototype-APILogin/Pods-Prototype-APILogin.release.xcconfig"; sourceTree = "<group>"; };
		D53BFDCEC09D1E6717FBA1E2 /* Pods-Prototype-APILogin.debug.xcconfig */ = {isa = PBXFileReference; includeInIndex = 1; lastKnownFileType = text.xcconfig; name = "Pods-Prototype-APILogin.debug.xcconfig"; path = "Target Support Files/Pods-Prototype-APILogin/Pods-Prototype-APILogin.debug.xcconfig"; sourceTree = "<group>"; };
/* End PBXFileReference section */

/* Begin PBXFrameworksBuildPhase section */
		23C3C0C6273900FC00EA0D86 /* Frameworks */ = {
			isa = PBXFrameworksBuildPhase;
			buildActionMask = 2147483647;
			files = (
				95FA4F2979FDC7CDA8500D0E /* Pods_Prototype_APILogin.framework in Frameworks */,
			);
			runOnlyForDeploymentPostprocessing = 0;
		};
/* End PBXFrameworksBuildPhase section */

/* Begin PBXGroup section */
		0BA880A8BE78FCE75826A9B9 /* Pods */ = {
			isa = PBXGroup;
			children = (
				D53BFDCEC09D1E6717FBA1E2 /* Pods-Prototype-APILogin.debug.xcconfig */,
				D0CC6B8C36656D21B72C17DE /* Pods-Prototype-APILogin.release.xcconfig */,
			);
			path = Pods;
			sourceTree = "<group>";
		};
		23C3C0C0273900FC00EA0D86 = {
			isa = PBXGroup;
			children = (
				23C3C0CB273900FC00EA0D86 /* Prototype-APILogin */,
				23C3C0CA273900FC00EA0D86 /* Products */,
				0BA880A8BE78FCE75826A9B9 /* Pods */,
				569AA79781A44803B86AF2C7 /* Frameworks */,
			);
			sourceTree = "<group>";
		};
		23C3C0CA273900FC00EA0D86 /* Products */ = {
			isa = PBXGroup;
			children = (
				23C3C0C9273900FC00EA0D86 /* Prototype-APILogin.app */,
			);
			name = Products;
			sourceTree = "<group>";
		};
		23C3C0CB273900FC00EA0D86 /* Prototype-APILogin */ = {
			isa = PBXGroup;
			children = (
				23C3C0CC273900FC00EA0D86 /* AppDelegate.swift */,
				23C3C0CE273900FC00EA0D86 /* SceneDelegate.swift */,
				23C3C0D0273900FC00EA0D86 /* ViewController.swift */,
				23C3C0D2273900FC00EA0D86 /* Main.storyboard */,
				23C3C0D5273900FF00EA0D86 /* Assets.xcassets */,
				23C3C0D7273900FF00EA0D86 /* LaunchScreen.storyboard */,
				23C3C0DA273900FF00EA0D86 /* Info.plist */,
				23C3C0E027390F4000EA0D86 /* NaverVC.swift */,
			);
			path = "Prototype-APILogin";
			sourceTree = "<group>";
		};
		569AA79781A44803B86AF2C7 /* Frameworks */ = {
			isa = PBXGroup;
			children = (
				C5140FD860FDBD2BFC2B212C /* Pods_Prototype_APILogin.framework */,
			);
			name = Frameworks;
			sourceTree = "<group>";
		};
/* End PBXGroup section */

/* Begin PBXNativeTarget section */
		23C3C0C8273900FC00EA0D86 /* Prototype-APILogin */ = {
			isa = PBXNativeTarget;
			buildConfigurationList = 23C3C0DD273900FF00EA0D86 /* Build configuration list for PBXNativeTarget "Prototype-APILogin" */;
			buildPhases = (
				8A9E4A33113AB177A0AD5FC7 /* [CP] Check Pods Manifest.lock */,
				23C3C0C5273900FC00EA0D86 /* Sources */,
				23C3C0C6273900FC00EA0D86 /* Frameworks */,
				23C3C0C7273900FC00EA0D86 /* Resources */,
				5D479499F55103BE4DFAA0D0 /* [CP] Embed Pods Frameworks */,
			);
			buildRules = (
			);
			dependencies = (
			);
			name = "Prototype-APILogin";
			productName = "Prototype-APILogin";
			productReference = 23C3C0C9273900FC00EA0D86 /* Prototype-APILogin.app */;
			productType = "com.apple.product-type.application";
		};
/* End PBXNativeTarget section */

/* Begin PBXProject section */
		23C3C0C1273900FC00EA0D86 /* Project object */ = {
			isa = PBXProject;
			attributes = {
				BuildIndependentTargetsInParallel = 1;
				LastSwiftUpdateCheck = 1310;
				LastUpgradeCheck = 1310;
				TargetAttributes = {
					23C3C0C8273900FC00EA0D86 = {
						CreatedOnToolsVersion = 13.1;
					};
				};
			};
			buildConfigurationList = 23C3C0C4273900FC00EA0D86 /* Build configuration list for PBXProject "Prototype-APILogin" */;
			compatibilityVersion = "Xcode 13.0";
			developmentRegion = en;
			hasScannedForEncodings = 0;
			knownRegions = (
				en,
				Base,
			);
			mainGroup = 23C3C0C0273900FC00EA0D86;
			productRefGroup = 23C3C0CA273900FC00EA0D86 /* Products */;
			projectDirPath = "";
			projectRoot = "";
			targets = (
				23C3C0C8273900FC00EA0D86 /* Prototype-APILogin */,
			);
		};
/* End PBXProject section */

/* Begin PBXResourcesBuildPhase section */
		23C3C0C7273900FC00EA0D86 /* Resources */ = {
			isa = PBXResourcesBuildPhase;
			buildActionMask = 2147483647;
			files = (
				23C3C0D9273900FF00EA0D86 /* LaunchScreen.storyboard in Resources */,
				23C3C0D6273900FF00EA0D86 /* Assets.xcassets in Resources */,
				23C3C0D4273900FC00EA0D86 /* Main.storyboard in Resources */,
			);
			runOnlyForDeploymentPostprocessing = 0;
		};
/* End PBXResourcesBuildPhase section */

/* Begin PBXShellScriptBuildPhase section */
		5D479499F55103BE4DFAA0D0 /* [CP] Embed Pods Frameworks */ = {
			isa = PBXShellScriptBuildPhase;
			buildActionMask = 2147483647;
			files = (
			);
			inputFileListPaths = (
				"${PODS_ROOT}/Target Support Files/Pods-Prototype-APILogin/Pods-Prototype-APILogin-frameworks-${CONFIGURATION}-input-files.xcfilelist",
			);
			name = "[CP] Embed Pods Frameworks";
			outputFileListPaths = (
				"${PODS_ROOT}/Target Support Files/Pods-Prototype-APILogin/Pods-Prototype-APILogin-frameworks-${CONFIGURATION}-output-files.xcfilelist",
			);
			runOnlyForDeploymentPostprocessing = 0;
			shellPath = /bin/sh;
			shellScript = "\"${PODS_ROOT}/Target Support Files/Pods-Prototype-APILogin/Pods-Prototype-APILogin-frameworks.sh\"\n";
			showEnvVarsInLog = 0;
		};
		8A9E4A33113AB177A0AD5FC7 /* [CP] Check Pods Manifest.lock */ = {
			isa = PBXShellScriptBuildPhase;
			buildActionMask = 2147483647;
			files = (
			);
			inputFileListPaths = (
			);
			inputPaths = (
				"${PODS_PODFILE_DIR_PATH}/Podfile.lock",
				"${PODS_ROOT}/Manifest.lock",
			);
			name = "[CP] Check Pods Manifest.lock";
			outputFileListPaths = (
			);
			outputPaths = (
				"$(DERIVED_FILE_DIR)/Pods-Prototype-APILogin-checkManifestLockResult.txt",
			);
			runOnlyForDeploymentPostprocessing = 0;
			shellPath = /bin/sh;
			shellScript = "diff \"${PODS_PODFILE_DIR_PATH}/Podfile.lock\" \"${PODS_ROOT}/Manifest.lock\" > /dev/null\nif [ $? != 0 ] ; then\n    # print error to STDERR\n    echo \"error: The sandbox is not in sync with the Podfile.lock. Run 'pod install' or update your CocoaPods installation.\" >&2\n    exit 1\nfi\n# This output is used by Xcode 'outputs' to avoid re-running this script phase.\necho \"SUCCESS\" > \"${SCRIPT_OUTPUT_FILE_0}\"\n";
			showEnvVarsInLog = 0;
		};
/* End PBXShellScriptBuildPhase section */

/* Begin PBXSourcesBuildPhase section */
		23C3C0C5273900FC00EA0D86 /* Sources */ = {
			isa = PBXSourcesBuildPhase;
			buildActionMask = 2147483647;
			files = (
				23C3C0D1273900FC00EA0D86 /* ViewController.swift in Sources */,
				23C3C0E127390F4000EA0D86 /* NaverVC.swift in Sources */,
				23C3C0CD273900FC00EA0D86 /* AppDelegate.swift in Sources */,
				23C3C0CF273900FC00EA0D86 /* SceneDelegate.swift in Sources */,
			);
			runOnlyForDeploymentPostprocessing = 0;
		};
/* End PBXSourcesBuildPhase section */

/* Begin PBXVariantGroup section */
		23C3C0D2273900FC00EA0D86 /* Main.storyboard */ = {
			isa = PBXVariantGroup;
			children = (
				23C3C0D3273900FC00EA0D86 /* Base */,
			);
			name = Main.storyboard;
			sourceTree = "<group>";
		};
		23C3C0D7273900FF00EA0D86 /* LaunchScreen.storyboard */ = {
			isa = PBXVariantGroup;
			children = (
				23C3C0D8273900FF00EA0D86 /* Base */,
			);
			name = LaunchScreen.storyboard;
			sourceTree = "<group>";
		};
/* End PBXVariantGroup section */

/* Begin XCBuildConfiguration section */
		23C3C0DB273900FF00EA0D86 /* Debug */ = {
			isa = XCBuildConfiguration;
			buildSettings = {
				ALWAYS_SEARCH_USER_PATHS = NO;
				CLANG_ANALYZER_NONNULL = YES;
				CLANG_ANALYZER_NUMBER_OBJECT_CONVERSION = YES_AGGRESSIVE;
				CLANG_CXX_LANGUAGE_STANDARD = "gnu++17";
				CLANG_CXX_LIBRARY = "libc++";
				CLANG_ENABLE_MODULES = YES;
				CLANG_ENABLE_OBJC_ARC = YES;
				CLANG_ENABLE_OBJC_WEAK = YES;
				CLANG_WARN_BLOCK_CAPTURE_AUTORELEASING = YES;
				CLANG_WARN_BOOL_CONVERSION = YES;
				CLANG_WARN_COMMA = YES;
				CLANG_WARN_CONSTANT_CONVERSION = YES;
				CLANG_WARN_DEPRECATED_OBJC_IMPLEMENTATIONS = YES;
				CLANG_WARN_DIRECT_OBJC_ISA_USAGE = YES_ERROR;
				CLANG_WARN_DOCUMENTATION_COMMENTS = YES;
				CLANG_WARN_EMPTY_BODY = YES;
				CLANG_WARN_ENUM_CONVERSION = YES;
				CLANG_WARN_INFINITE_RECURSION = YES;
				CLANG_WARN_INT_CONVERSION = YES;
				CLANG_WARN_NON_LITERAL_NULL_CONVERSION = YES;
				CLANG_WARN_OBJC_IMPLICIT_RETAIN_SELF = YES;
				CLANG_WARN_OBJC_LITERAL_CONVERSION = YES;
				CLANG_WARN_OBJC_ROOT_CLASS = YES_ERROR;
				CLANG_WARN_QUOTED_INCLUDE_IN_FRAMEWORK_HEADER = YES;
				CLANG_WARN_RANGE_LOOP_ANALYSIS = YES;
				CLANG_WARN_STRICT_PROTOTYPES = YES;
				CLANG_WARN_SUSPICIOUS_MOVE = YES;
				CLANG_WARN_UNGUARDED_AVAILABILITY = YES_AGGRESSIVE;
				CLANG_WARN_UNREACHABLE_CODE = YES;
				CLANG_WARN__DUPLICATE_METHOD_MATCH = YES;
				COPY_PHASE_STRIP = NO;
				DEBUG_INFORMATION_FORMAT = dwarf;
				ENABLE_STRICT_OBJC_MSGSEND = YES;
				ENABLE_TESTABILITY = YES;
				GCC_C_LANGUAGE_STANDARD = gnu11;
				GCC_DYNAMIC_NO_PIC = NO;
				GCC_NO_COMMON_BLOCKS = YES;
				GCC_OPTIMIZATION_LEVEL = 0;
				GCC_PREPROCESSOR_DEFINITIONS = (
					"DEBUG=1",
					"$(inherited)",
				);
				GCC_WARN_64_TO_32_BIT_CONVERSION = YES;
				GCC_WARN_ABOUT_RETURN_TYPE = YES_ERROR;
				GCC_WARN_UNDECLARED_SELECTOR = YES;
				GCC_WARN_UNINITIALIZED_AUTOS = YES_AGGRESSIVE;
				GCC_WARN_UNUSED_FUNCTION = YES;
				GCC_WARN_UNUSED_VARIABLE = YES;
				IPHONEOS_DEPLOYMENT_TARGET = 15.0;
				MTL_ENABLE_DEBUG_INFO = INCLUDE_SOURCE;
				MTL_FAST_MATH = YES;
				ONLY_ACTIVE_ARCH = YES;
				SDKROOT = iphoneos;
				SWIFT_ACTIVE_COMPILATION_CONDITIONS = DEBUG;
				SWIFT_OPTIMIZATION_LEVEL = "-Onone";
			};
			name = Debug;
		};
		23C3C0DC273900FF00EA0D86 /* Release */ = {
			isa = XCBuildConfiguration;
			buildSettings = {
				ALWAYS_SEARCH_USER_PATHS = NO;
				CLANG_ANALYZER_NONNULL = YES;
				CLANG_ANALYZER_NUMBER_OBJECT_CONVERSION = YES_AGGRESSIVE;
				CLANG_CXX_LANGUAGE_STANDARD = "gnu++17";
				CLANG_CXX_LIBRARY = "libc++";
				CLANG_ENABLE_MODULES = YES;
				CLANG_ENABLE_OBJC_ARC = YES;
				CLANG_ENABLE_OBJC_WEAK = YES;
				CLANG_WARN_BLOCK_CAPTURE_AUTORELEASING = YES;
				CLANG_WARN_BOOL_CONVERSION = YES;
				CLANG_WARN_COMMA = YES;
				CLANG_WARN_CONSTANT_CONVERSION = YES;
				CLANG_WARN_DEPRECATED_OBJC_IMPLEMENTATIONS = YES;
				CLANG_WARN_DIRECT_OBJC_ISA_USAGE = YES_ERROR;
				CLANG_WARN_DOCUMENTATION_COMMENTS = YES;
				CLANG_WARN_EMPTY_BODY = YES;
				CLANG_WARN_ENUM_CONVERSION = YES;
				CLANG_WARN_INFINITE_RECURSION = YES;
				CLANG_WARN_INT_CONVERSION = YES;
				CLANG_WARN_NON_LITERAL_NULL_CONVERSION = YES;
				CLANG_WARN_OBJC_IMPLICIT_RETAIN_SELF = YES;
				CLANG_WARN_OBJC_LITERAL_CONVERSION = YES;
				CLANG_WARN_OBJC_ROOT_CLASS = YES_ERROR;
				CLANG_WARN_QUOTED_INCLUDE_IN_FRAMEWORK_HEADER = YES;
				CLANG_WARN_RANGE_LOOP_ANALYSIS = YES;
				CLANG_WARN_STRICT_PROTOTYPES = YES;
				CLANG_WARN_SUSPICIOUS_MOVE = YES;
				CLANG_WARN_UNGUARDED_AVAILABILITY = YES_AGGRESSIVE;
				CLANG_WARN_UNREACHABLE_CODE = YES;
				CLANG_WARN__DUPLICATE_METHOD_MATCH = YES;
				COPY_PHASE_STRIP = NO;
				DEBUG_INFORMATION_FORMAT = "dwarf-with-dsym";
				ENABLE_NS_ASSERTIONS = NO;
				ENABLE_STRICT_OBJC_MSGSEND = YES;
				GCC_C_LANGUAGE_STANDARD = gnu11;
				GCC_NO_COMMON_BLOCKS = YES;
				GCC_WARN_64_TO_32_BIT_CONVERSION = YES;
				GCC_WARN_ABOUT_RETURN_TYPE = YES_ERROR;
				GCC_WARN_UNDECLARED_SELECTOR = YES;
				GCC_WARN_UNINITIALIZED_AUTOS = YES_AGGRESSIVE;
				GCC_WARN_UNUSED_FUNCTION = YES;
				GCC_WARN_UNUSED_VARIABLE = YES;
				IPHONEOS_DEPLOYMENT_TARGET = 15.0;
				MTL_ENABLE_DEBUG_INFO = NO;
				MTL_FAST_MATH = YES;
				SDKROOT = iphoneos;
				SWIFT_COMPILATION_MODE = wholemodule;
				SWIFT_OPTIMIZATION_LEVEL = "-O";
				VALIDATE_PRODUCT = YES;
			};
			name = Release;
		};
		23C3C0DE273900FF00EA0D86 /* Debug */ = {
			isa = XCBuildConfiguration;
			baseConfigurationReference = D53BFDCEC09D1E6717FBA1E2 /* Pods-Prototype-APILogin.debug.xcconfig */;
			buildSettings = {
				ASSETCATALOG_COMPILER_APPICON_NAME = AppIcon;
				ASSETCATALOG_COMPILER_GLOBAL_ACCENT_COLOR_NAME = AccentColor;
				CODE_SIGN_STYLE = Automatic;
				CURRENT_PROJECT_VERSION = 1;
				DEVELOPMENT_TEAM = 84C5F9B5MF;
				GENERATE_INFOPLIST_FILE = YES;
				INFOPLIST_FILE = "Prototype-APILogin/Info.plist";
				INFOPLIST_KEY_UIApplicationSupportsIndirectInputEvents = YES;
				INFOPLIST_KEY_UILaunchStoryboardName = LaunchScreen;
				INFOPLIST_KEY_UIMainStoryboardFile = Main;
				INFOPLIST_KEY_UISupportedInterfaceOrientations = UIInterfaceOrientationPortrait;
				INFOPLIST_KEY_UISupportedInterfaceOrientations_iPad = "UIInterfaceOrientationPortrait UIInterfaceOrientationPortraitUpsideDown UIInterfaceOrientationLandscapeLeft UIInterfaceOrientationLandscapeRight";
				INFOPLIST_KEY_UISupportedInterfaceOrientations_iPhone = "UIInterfaceOrientationPortrait UIInterfaceOrientationLandscapeLeft UIInterfaceOrientationLandscapeRight";
				IPHONEOS_DEPLOYMENT_TARGET = 13.2;
				LD_RUNPATH_SEARCH_PATHS = (
					"$(inherited)",
					"@executable_path/Frameworks",
				);
				MARKETING_VERSION = 1.0;
				PRODUCT_BUNDLE_IDENTIFIER = "com.winder.Prototype-APILogin";
				PRODUCT_NAME = "$(TARGET_NAME)";
				SWIFT_EMIT_LOC_STRINGS = YES;
				SWIFT_VERSION = 5.0;
				TARGETED_DEVICE_FAMILY = 1;
			};
			name = Debug;
		};
		23C3C0DF273900FF00EA0D86 /* Release */ = {
			isa = XCBuildConfiguration;
			baseConfigurationReference = D0CC6B8C36656D21B72C17DE /* Pods-Prototype-APILogin.release.xcconfig */;
			buildSettings = {
				ASSETCATALOG_COMPILER_APPICON_NAME = AppIcon;
				ASSETCATALOG_COMPILER_GLOBAL_ACCENT_COLOR_NAME = AccentColor;
				CODE_SIGN_STYLE = Automatic;
				CURRENT_PROJECT_VERSION = 1;
				DEVELOPMENT_TEAM = 84C5F9B5MF;
				GENERATE_INFOPLIST_FILE = YES;
				INFOPLIST_FILE = "Prototype-APILogin/Info.plist";
				INFOPLIST_KEY_UIApplicationSupportsIndirectInputEvents = YES;
				INFOPLIST_KEY_UILaunchStoryboardName = LaunchScreen;
				INFOPLIST_KEY_UIMainStoryboardFile = Main;
				INFOPLIST_KEY_UISupportedInterfaceOrientations = UIInterfaceOrientationPortrait;
				INFOPLIST_KEY_UISupportedInterfaceOrientations_iPad = "UIInterfaceOrientationPortrait UIInterfaceOrientationPortraitUpsideDown UIInterfaceOrientationLandscapeLeft UIInterfaceOrientationLandscapeRight";
				INFOPLIST_KEY_UISupportedInterfaceOrientations_iPhone = "UIInterfaceOrientationPortrait UIInterfaceOrientationLandscapeLeft UIInterfaceOrientationLandscapeRight";
				IPHONEOS_DEPLOYMENT_TARGET = 13.2;
				LD_RUNPATH_SEARCH_PATHS = (
					"$(inherited)",
					"@executable_path/Frameworks",
				);
				MARKETING_VERSION = 1.0;
				PRODUCT_BUNDLE_IDENTIFIER = "com.winder.Prototype-APILogin";
				PRODUCT_NAME = "$(TARGET_NAME)";
				SWIFT_EMIT_LOC_STRINGS = YES;
				SWIFT_VERSION = 5.0;
				TARGETED_DEVICE_FAMILY = 1;
			};
			name = Release;
		};
/* End XCBuildConfiguration section */

/* Begin XCConfigurationList section */
		23C3C0C4273900FC00EA0D86 /* Build configuration list for PBXProject "Prototype-APILogin" */ = {
			isa = XCConfigurationList;
			buildConfigurations = (
				23C3C0DB273900FF00EA0D86 /* Debug */,
				23C3C0DC273900FF00EA0D86 /* Release */,
			);
			defaultConfigurationIsVisible = 0;
			defaultConfigurationName = Release;
		};
		23C3C0DD273900FF00EA0D86 /* Build configuration list for PBXNativeTarget "Prototype-APILogin" */ = {
			isa = XCConfigurationList;
			buildConfigurations = (
				23C3C0DE273900FF00EA0D86 /* Debug */,
				23C3C0DF273900FF00EA0D86 /* Release */,
			);
			defaultConfigurationIsVisible = 0;
			defaultConfigurationName = Release;
		};
/* End XCConfigurationList section */
	};
	rootObject = 23C3C0C1273900FC00EA0D86 /* Project object */;
}
