PODS:
  - Alamofire (5.4.4)
  - KakaoSDKAuth (2.8.2):
    - KakaoSDKCommon (= 2.8.2)
  - KakaoSDKCommon (2.8.2):
    - KakaoSDKCommon/Common (= 2.8.2)
    - KakaoSDKCommon/Network (= 2.8.2)
  - KakaoSDKCommon/Common (2.8.2)
  - KakaoSDKCommon/Network (2.8.2):
    - Alamofire (~> 5.1)
    - KakaoSDKCommon/Common (= 2.8.2)

DEPENDENCIES:
  - KakaoSDKAuth
  - KakaoSDKCommon

SPEC REPOS:
  trunk:
    - Alamofire
    - KakaoSDKAuth
    - KakaoSDKCommon

SPEC CHECKSUMS:
  Alamofire: f3b09a368f1582ab751b3fff5460276e0d2cf5c9
  KakaoSDKAuth: 2b7e6998d7028cabd037ef8d0d2f987b4eec9f89
  KakaoSDKCommon: 1b5dc1c785688bed6d6747d05f2c8e08420f09ff

PODFILE CHECKSUM: a03111863bd9226d55e03e555144a68bbbac8345

COCOAPODS: 1.10.1
